
Microsoft Visual Studio Solution File, Format Version 12.00
# Visual Studio Version 17
VisualStudioVersion = 17.7.34031.279
MinimumVisualStudioVersion = 10.0.40219.1
Project("{FAE04EC0-301F-11D3-BF4B-00C04F79EFBC}") = "XmlDocument", "XmlDocument\XmlDocument.csproj", "{0E89BF67-0559-4E2C-B9E6-A4A8BC6C1092}"
EndProject
Project("{FAE04EC0-301F-11D3-BF4B-00C04F79EFBC}") = "XmlDocumentCreation", "XmlDocumentCreation\XmlDocumentCreation.csproj", "{2FA1259F-7475-4CCC-BDC1-4BCDF1065143}"
EndProject
Global
	GlobalSection(SolutionConfigurationPlatforms) = preSolution
		Debug|Any CPU = Debug|Any CPU
		Release|Any CPU = Release|Any CPU
	EndGlobalSection
	GlobalSection(ProjectConfigurationPlatforms) = postSolution
		{0E89BF67-0559-4E2C-B9E6-A4A8BC6C1092}.Debug|Any CPU.ActiveCfg = Debug|Any CPU
		{0E89BF67-0559-4E2C-B9E6-A4A8BC6C1092}.Debug|Any CPU.Build.0 = Debug|Any CPU
		{0E89BF67-0559-4E2C-B9E6-A4A8BC6C1092}.Release|Any CPU.ActiveCfg = Release|Any CPU
		{0E89BF67-0559-4E2C-B9E6-A4A8BC6C1092}.Release|Any CPU.Build.0 = Release|Any CPU
		{2FA1259F-7475-4CCC-BDC1-4BCDF1065143}.Debug|Any CPU.ActiveCfg = Debug|Any CPU
		{2FA1259F-7475-4CCC-BDC1-4BCDF1065143}.Debug|Any CPU.Build.0 = Debug|Any CPU
		{2FA1259F-7475-4CCC-BDC1-4BCDF1065143}.Release|Any CPU.ActiveCfg = Release|Any CPU
		{2FA1259F-7475-4CCC-BDC1-4BCDF1065143}.Release|Any CPU.Build.0 = Release|Any CPU
	EndGlobalSection
	GlobalSection(SolutionProperties) = preSolution
		HideSolutionNode = FALSE
	EndGlobalSection
	GlobalSection(ExtensibilityGlobals) = postSolution
		SolutionGuid = {ECB3C4D8-CF16-422A-9307-8644716B3B7E}
	EndGlobalSection
EndGlobal
