
Microsoft Visual Studio Solution File, Format Version 12.00
# Visual Studio Version 17
VisualStudioVersion = 17.7.34031.279
MinimumVisualStudioVersion = 10.0.40219.1
Project("{FAE04EC0-301F-11D3-BF4B-00C04F79EFBC}") = "01.ORM", "01.ORM.csproj", "{E021CC31-1BCC-4EAE-98A6-8D0C6084F458}"
EndProject
Global
	GlobalSection(SolutionConfigurationPlatforms) = preSolution
		Debug|Any CPU = Debug|Any CPU
		Release|Any CPU = Release|Any CPU
	EndGlobalSection
	GlobalSection(ProjectConfigurationPlatforms) = postSolution
		{E021CC31-1BCC-4EAE-98A6-8D0C6084F458}.Debug|Any CPU.ActiveCfg = Debug|Any CPU
		{E021CC31-1BCC-4EAE-98A6-8D0C6084F458}.Debug|Any CPU.Build.0 = Debug|Any CPU
		{E021CC31-1BCC-4EAE-98A6-8D0C6084F458}.Release|Any CPU.ActiveCfg = Release|Any CPU
		{E021CC31-1BCC-4EAE-98A6-8D0C6084F458}.Release|Any CPU.Build.0 = Release|Any CPU
	EndGlobalSection
	GlobalSection(SolutionProperties) = preSolution
		HideSolutionNode = FALSE
	EndGlobalSection
	GlobalSection(ExtensibilityGlobals) = postSolution
		SolutionGuid = {485974E7-C5DB-427B-903B-D597B8866083}
	EndGlobalSection
EndGlobal
